
Microsoft Visual Studio Solution File, Format Version 12.00
# Visual Studio Version 17
VisualStudioVersion = 17.4.33205.214
MinimumVisualStudioVersion = 10.0.40219.1
Project("{FAE04EC0-301F-11D3-BF4B-00C04F79EFBC}") = "gd6", "gd6\gd6.csproj", "{1FAD795C-D965-45C9-9684-65701EF6133B}"
EndProject
Global
	GlobalSection(SolutionConfigurationPlatforms) = preSolution
		Debug|Any CPU = Debug|Any CPU
		Release|Any CPU = Release|Any CPU
	EndGlobalSection
	GlobalSection(ProjectConfigurationPlatforms) = postSolution
		{1FAD795C-D965-45C9-9684-65701EF6133B}.Debug|Any CPU.ActiveCfg = Debug|Any CPU
		{1FAD795C-D965-45C9-9684-65701EF6133B}.Debug|Any CPU.Build.0 = Debug|Any CPU
		{1FAD795C-D965-45C9-9684-65701EF6133B}.Release|Any CPU.ActiveCfg = Release|Any CPU
		{1FAD795C-D965-45C9-9684-65701EF6133B}.Release|Any CPU.Build.0 = Release|Any CPU
	EndGlobalSection
	GlobalSection(SolutionProperties) = preSolution
		HideSolutionNode = FALSE
	EndGlobalSection
	GlobalSection(ExtensibilityGlobals) = postSolution
		SolutionGuid = {178149D4-0CE7-481A-9C9B-32A21A9C1C0B}
	EndGlobalSection
EndGlobal
